// !$*UTF8*$!
{
	archiveVersion = 1;
	classes = {
	};
	objectVersion = 46;
	objects = {

/* Begin PBXBuildFile section */
		2B57CF861D5541FE004070B7 /* AppDelegate.swift in Sources */ = {isa = PBXBuildFile; fileRef = 2B57CF851D5541FE004070B7 /* AppDelegate.swift */; };
		2B57CF881D5541FE004070B7 /* ViewController.swift in Sources */ = {isa = PBXBuildFile; fileRef = 2B57CF871D5541FE004070B7 /* ViewController.swift */; };
		2B57CF8B1D5541FE004070B7 /* Main.storyboard in Resources */ = {isa = PBXBuildFile; fileRef = 2B57CF891D5541FE004070B7 /* Main.storyboard */; };
		2B57CF8D1D5541FE004070B7 /* Assets.xcassets in Resources */ = {isa = PBXBuildFile; fileRef = 2B57CF8C1D5541FE004070B7 /* Assets.xcassets */; };
		2B57CF901D5541FE004070B7 /* LaunchScreen.storyboard in Resources */ = {isa = PBXBuildFile; fileRef = 2B57CF8E1D5541FE004070B7 /* LaunchScreen.storyboard */; };
		8A2CD56F145B10C43B1ACF44 /* Pods_CardsAgainstTheTV.framework in Frameworks */ = {isa = PBXBuildFile; fileRef = 7DEE0371520253EC2957CBF4 /* Pods_CardsAgainstTheTV.framework */; };
		8F38CC0D1D56703F004BDB52 /* cards_pg13.json in Resources */ = {isa = PBXBuildFile; fileRef = 8F38CC0B1D56703F004BDB52 /* cards_pg13.json */; };
		8F38CC0E1D56703F004BDB52 /* cards.json in Resources */ = {isa = PBXBuildFile; fileRef = 8F38CC0C1D56703F004BDB52 /* cards.json */; };
		8F38CC111D567D5E004BDB52 /* Card.swift in Sources */ = {isa = PBXBuildFile; fileRef = 8F38CC101D567D5E004BDB52 /* Card.swift */; };
		8F38CC131D56818D004BDB52 /* GameState.swift in Sources */ = {isa = PBXBuildFile; fileRef = 8F38CC121D56818D004BDB52 /* GameState.swift */; };
		8F38CC161D568254004BDB52 /* Constants.swift in Sources */ = {isa = PBXBuildFile; fileRef = 8F38CC151D568254004BDB52 /* Constants.swift */; };
		8F38CC181D5684AC004BDB52 /* Secrets.swift in Sources */ = {isa = PBXBuildFile; fileRef = 8F38CC171D5684AC004BDB52 /* Secrets.swift */; };
		8F38CC1A1D56851D004BDB52 /* CardManager.swift in Sources */ = {isa = PBXBuildFile; fileRef = 8F38CC191D56851D004BDB52 /* CardManager.swift */; };
		8F38CC1C1D569989004BDB52 /* CardCell.swift in Sources */ = {isa = PBXBuildFile; fileRef = 8F38CC1B1D569989004BDB52 /* CardCell.swift */; };
/* End PBXBuildFile section */

/* Begin PBXFileReference section */
		2B57CF821D5541FE004070B7 /* CardsAgainstTheTV.app */ = {isa = PBXFileReference; explicitFileType = wrapper.application; includeInIndex = 0; path = CardsAgainstTheTV.app; sourceTree = BUILT_PRODUCTS_DIR; };
		2B57CF851D5541FE004070B7 /* AppDelegate.swift */ = {isa = PBXFileReference; lastKnownFileType = sourcecode.swift; path = AppDelegate.swift; sourceTree = "<group>"; };
		2B57CF871D5541FE004070B7 /* ViewController.swift */ = {isa = PBXFileReference; lastKnownFileType = sourcecode.swift; path = ViewController.swift; sourceTree = "<group>"; };
		2B57CF8A1D5541FE004070B7 /* Base */ = {isa = PBXFileReference; lastKnownFileType = file.storyboard; name = Base; path = Base.lproj/Main.storyboard; sourceTree = "<group>"; };
		2B57CF8C1D5541FE004070B7 /* Assets.xcassets */ = {isa = PBXFileReference; lastKnownFileType = folder.assetcatalog; path = Assets.xcassets; sourceTree = "<group>"; };
		2B57CF8F1D5541FE004070B7 /* Base */ = {isa = PBXFileReference; lastKnownFileType = file.storyboard; name = Base; path = Base.lproj/LaunchScreen.storyboard; sourceTree = "<group>"; };
		2B57CF911D5541FE004070B7 /* Info.plist */ = {isa = PBXFileReference; lastKnownFileType = text.plist.xml; path = Info.plist; sourceTree = "<group>"; };
		7DEE0371520253EC2957CBF4 /* Pods_CardsAgainstTheTV.framework */ = {isa = PBXFileReference; explicitFileType = wrapper.framework; includeInIndex = 0; path = Pods_CardsAgainstTheTV.framework; sourceTree = BUILT_PRODUCTS_DIR; };
		8F38CC0B1D56703F004BDB52 /* cards_pg13.json */ = {isa = PBXFileReference; fileEncoding = 4; lastKnownFileType = text.json; path = cards_pg13.json; sourceTree = "<group>"; };
		8F38CC0C1D56703F004BDB52 /* cards.json */ = {isa = PBXFileReference; fileEncoding = 4; lastKnownFileType = text.json; path = cards.json; sourceTree = "<group>"; };
		8F38CC101D567D5E004BDB52 /* Card.swift */ = {isa = PBXFileReference; fileEncoding = 4; lastKnownFileType = sourcecode.swift; path = Card.swift; sourceTree = "<group>"; };
		8F38CC121D56818D004BDB52 /* GameState.swift */ = {isa = PBXFileReference; fileEncoding = 4; lastKnownFileType = sourcecode.swift; path = GameState.swift; sourceTree = "<group>"; };
		8F38CC151D568254004BDB52 /* Constants.swift */ = {isa = PBXFileReference; fileEncoding = 4; lastKnownFileType = sourcecode.swift; path = Constants.swift; sourceTree = "<group>"; };
		8F38CC171D5684AC004BDB52 /* Secrets.swift */ = {isa = PBXFileReference; fileEncoding = 4; lastKnownFileType = sourcecode.swift; path = Secrets.swift; sourceTree = "<group>"; };
		8F38CC191D56851D004BDB52 /* CardManager.swift */ = {isa = PBXFileReference; fileEncoding = 4; lastKnownFileType = sourcecode.swift; path = CardManager.swift; sourceTree = "<group>"; };
		8F38CC1B1D569989004BDB52 /* CardCell.swift */ = {isa = PBXFileReference; fileEncoding = 4; lastKnownFileType = sourcecode.swift; path = CardCell.swift; sourceTree = "<group>"; };
		A7D3C6F5A172901A0DFDE034 /* Pods-CardsAgainstTheTV.release.xcconfig */ = {isa = PBXFileReference; includeInIndex = 1; lastKnownFileType = text.xcconfig; name = "Pods-CardsAgainstTheTV.release.xcconfig"; path = "Pods/Target Support Files/Pods-CardsAgainstTheTV/Pods-CardsAgainstTheTV.release.xcconfig"; sourceTree = "<group>"; };
		BC095105DE1F3F435D0F6E35 /* Pods-CardsAgainstTheTV.debug.xcconfig */ = {isa = PBXFileReference; includeInIndex = 1; lastKnownFileType = text.xcconfig; name = "Pods-CardsAgainstTheTV.debug.xcconfig"; path = "Pods/Target Support Files/Pods-CardsAgainstTheTV/Pods-CardsAgainstTheTV.debug.xcconfig"; sourceTree = "<group>"; };
/* End PBXFileReference section */

/* Begin PBXFrameworksBuildPhase section */
		2B57CF7F1D5541FE004070B7 /* Frameworks */ = {
			isa = PBXFrameworksBuildPhase;
			buildActionMask = 2147483647;
			files = (
				8A2CD56F145B10C43B1ACF44 /* Pods_CardsAgainstTheTV.framework in Frameworks */,
			);
			runOnlyForDeploymentPostprocessing = 0;
		};
/* End PBXFrameworksBuildPhase section */

/* Begin PBXGroup section */
		05AD6DB31252689B160093E4 /* Frameworks */ = {
			isa = PBXGroup;
			children = (
				7DEE0371520253EC2957CBF4 /* Pods_CardsAgainstTheTV.framework */,
			);
			name = Frameworks;
			sourceTree = "<group>";
		};
		2B57CF791D5541FE004070B7 = {
			isa = PBXGroup;
			children = (
				2B57CF841D5541FE004070B7 /* CardsAgainstTheTV */,
				2B57CF831D5541FE004070B7 /* Products */,
				A4F7C34E0C0F5B32CDD2A852 /* Pods */,
				05AD6DB31252689B160093E4 /* Frameworks */,
			);
			sourceTree = "<group>";
		};
		2B57CF831D5541FE004070B7 /* Products */ = {
			isa = PBXGroup;
			children = (
				2B57CF821D5541FE004070B7 /* CardsAgainstTheTV.app */,
			);
			name = Products;
			sourceTree = "<group>";
		};
		2B57CF841D5541FE004070B7 /* CardsAgainstTheTV */ = {
			isa = PBXGroup;
			children = (
				8F38CC141D56823E004BDB52 /* Helpers */,
				8F38CC0A1D567001004BDB52 /* cards */,
				8F38CC171D5684AC004BDB52 /* Secrets.swift */,
				8F38CC191D56851D004BDB52 /* CardManager.swift */,
				2B57CF851D5541FE004070B7 /* AppDelegate.swift */,
				2B57CF871D5541FE004070B7 /* ViewController.swift */,
				8F38CC1B1D569989004BDB52 /* CardCell.swift */,
				8F38CC0F1D567D30004BDB52 /* Model */,
				2B57CF891D5541FE004070B7 /* Main.storyboard */,
				2B57CF8C1D5541FE004070B7 /* Assets.xcassets */,
				2B57CF8E1D5541FE004070B7 /* LaunchScreen.storyboard */,
				2B57CF911D5541FE004070B7 /* Info.plist */,
			);
			path = CardsAgainstTheTV;
			sourceTree = "<group>";
		};
		8F38CC0A1D567001004BDB52 /* cards */ = {
			isa = PBXGroup;
			children = (
				8F38CC0B1D56703F004BDB52 /* cards_pg13.json */,
				8F38CC0C1D56703F004BDB52 /* cards.json */,
			);
			name = cards;
			sourceTree = "<group>";
		};
		8F38CC0F1D567D30004BDB52 /* Model */ = {
			isa = PBXGroup;
			children = (
				8F38CC101D567D5E004BDB52 /* Card.swift */,
				8F38CC121D56818D004BDB52 /* GameState.swift */,
			);
			name = Model;
			sourceTree = "<group>";
		};
		8F38CC141D56823E004BDB52 /* Helpers */ = {
			isa = PBXGroup;
			children = (
				8F38CC151D568254004BDB52 /* Constants.swift */,
			);
			name = Helpers;
			sourceTree = "<group>";
		};
		A4F7C34E0C0F5B32CDD2A852 /* Pods */ = {
			isa = PBXGroup;
			children = (
				BC095105DE1F3F435D0F6E35 /* Pods-CardsAgainstTheTV.debug.xcconfig */,
				A7D3C6F5A172901A0DFDE034 /* Pods-CardsAgainstTheTV.release.xcconfig */,
			);
			name = Pods;
			sourceTree = "<group>";
		};
/* End PBXGroup section */

/* Begin PBXNativeTarget section */
		2B57CF811D5541FE004070B7 /* CardsAgainstTheTV */ = {
			isa = PBXNativeTarget;
			buildConfigurationList = 2B57CF941D5541FE004070B7 /* Build configuration list for PBXNativeTarget "CardsAgainstTheTV" */;
			buildPhases = (
				96181F789AC39EA8D4FB2F66 /* [CP] Check Pods Manifest.lock */,
				2B57CF7E1D5541FE004070B7 /* Sources */,
				2B57CF7F1D5541FE004070B7 /* Frameworks */,
				2B57CF801D5541FE004070B7 /* Resources */,
				B51D37490B0BD9E73910A309 /* [CP] Embed Pods Frameworks */,
				5123B6FF12B52D3FDBF6F18F /* [CP] Copy Pods Resources */,
			);
			buildRules = (
			);
			dependencies = (
			);
			name = CardsAgainstTheTV;
			productName = CardsAgainstTheTV;
			productReference = 2B57CF821D5541FE004070B7 /* CardsAgainstTheTV.app */;
			productType = "com.apple.product-type.application";
		};
/* End PBXNativeTarget section */

/* Begin PBXProject section */
		2B57CF7A1D5541FE004070B7 /* Project object */ = {
			isa = PBXProject;
			attributes = {
				LastSwiftUpdateCheck = 0730;
				LastUpgradeCheck = 0730;
				ORGANIZATIONNAME = "Flatiron School";
				TargetAttributes = {
					2B57CF811D5541FE004070B7 = {
						CreatedOnToolsVersion = 7.3;
					};
				};
			};
			buildConfigurationList = 2B57CF7D1D5541FE004070B7 /* Build configuration list for PBXProject "CardsAgainstTheTV" */;
			compatibilityVersion = "Xcode 3.2";
			developmentRegion = English;
			hasScannedForEncodings = 0;
			knownRegions = (
				en,
				Base,
			);
			mainGroup = 2B57CF791D5541FE004070B7;
			productRefGroup = 2B57CF831D5541FE004070B7 /* Products */;
			projectDirPath = "";
			projectRoot = "";
			targets = (
				2B57CF811D5541FE004070B7 /* CardsAgainstTheTV */,
			);
		};
/* End PBXProject section */

/* Begin PBXResourcesBuildPhase section */
		2B57CF801D5541FE004070B7 /* Resources */ = {
			isa = PBXResourcesBuildPhase;
			buildActionMask = 2147483647;
			files = (
				2B57CF901D5541FE004070B7 /* LaunchScreen.storyboard in Resources */,
				2B57CF8D1D5541FE004070B7 /* Assets.xcassets in Resources */,
				8F38CC0D1D56703F004BDB52 /* cards_pg13.json in Resources */,
				8F38CC0E1D56703F004BDB52 /* cards.json in Resources */,
				2B57CF8B1D5541FE004070B7 /* Main.storyboard in Resources */,
			);
			runOnlyForDeploymentPostprocessing = 0;
		};
/* End PBXResourcesBuildPhase section */

/* Begin PBXShellScriptBuildPhase section */
		5123B6FF12B52D3FDBF6F18F /* [CP] Copy Pods Resources */ = {
			isa = PBXShellScriptBuildPhase;
			buildActionMask = 2147483647;
			files = (
			);
			inputPaths = (
			);
			name = "[CP] Copy Pods Resources";
			outputPaths = (
			);
			runOnlyForDeploymentPostprocessing = 0;
			shellPath = /bin/sh;
			shellScript = "\"${SRCROOT}/Pods/Target Support Files/Pods-CardsAgainstTheTV/Pods-CardsAgainstTheTV-resources.sh\"\n";
			showEnvVarsInLog = 0;
		};
		96181F789AC39EA8D4FB2F66 /* [CP] Check Pods Manifest.lock */ = {
			isa = PBXShellScriptBuildPhase;
			buildActionMask = 2147483647;
			files = (
			);
			inputPaths = (
			);
			name = "[CP] Check Pods Manifest.lock";
			outputPaths = (
			);
			runOnlyForDeploymentPostprocessing = 0;
			shellPath = /bin/sh;
			shellScript = "diff \"${PODS_ROOT}/../Podfile.lock\" \"${PODS_ROOT}/Manifest.lock\" > /dev/null\nif [[ $? != 0 ]] ; then\n    cat << EOM\nerror: The sandbox is not in sync with the Podfile.lock. Run 'pod install' or update your CocoaPods installation.\nEOM\n    exit 1\nfi\n";
			showEnvVarsInLog = 0;
		};
		B51D37490B0BD9E73910A309 /* [CP] Embed Pods Frameworks */ = {
			isa = PBXShellScriptBuildPhase;
			buildActionMask = 2147483647;
			files = (
			);
			inputPaths = (
			);
			name = "[CP] Embed Pods Frameworks";
			outputPaths = (
			);
			runOnlyForDeploymentPostprocessing = 0;
			shellPath = /bin/sh;
			shellScript = "\"${SRCROOT}/Pods/Target Support Files/Pods-CardsAgainstTheTV/Pods-CardsAgainstTheTV-frameworks.sh\"\n";
			showEnvVarsInLog = 0;
		};
/* End PBXShellScriptBuildPhase section */

/* Begin PBXSourcesBuildPhase section */
		2B57CF7E1D5541FE004070B7 /* Sources */ = {
			isa = PBXSourcesBuildPhase;
			buildActionMask = 2147483647;
			files = (
				2B57CF881D5541FE004070B7 /* ViewController.swift in Sources */,
				8F38CC181D5684AC004BDB52 /* Secrets.swift in Sources */,
				8F38CC131D56818D004BDB52 /* GameState.swift in Sources */,
				8F38CC1C1D569989004BDB52 /* CardCell.swift in Sources */,
				8F38CC1A1D56851D004BDB52 /* CardManager.swift in Sources */,
				2B57CF861D5541FE004070B7 /* AppDelegate.swift in Sources */,
				8F38CC111D567D5E004BDB52 /* Card.swift in Sources */,
				8F38CC161D568254004BDB52 /* Constants.swift in Sources */,
			);
			runOnlyForDeploymentPostprocessing = 0;
		};
/* End PBXSourcesBuildPhase section */

/* Begin PBXVariantGroup section */
		2B57CF891D5541FE004070B7 /* Main.storyboard */ = {
			isa = PBXVariantGroup;
			children = (
				2B57CF8A1D5541FE004070B7 /* Base */,
			);
			name = Main.storyboard;
			sourceTree = "<group>";
		};
		2B57CF8E1D5541FE004070B7 /* LaunchScreen.storyboard */ = {
			isa = PBXVariantGroup;
			children = (
				2B57CF8F1D5541FE004070B7 /* Base */,
			);
			name = LaunchScreen.storyboard;
			sourceTree = "<group>";
		};
/* End PBXVariantGroup section */

/* Begin XCBuildConfiguration section */
		2B57CF921D5541FE004070B7 /* Debug */ = {
			isa = XCBuildConfiguration;
			buildSettings = {
				ALWAYS_SEARCH_USER_PATHS = NO;
				CLANG_ANALYZER_NONNULL = YES;
				CLANG_CXX_LANGUAGE_STANDARD = "gnu++0x";
				CLANG_CXX_LIBRARY = "libc++";
				CLANG_ENABLE_MODULES = YES;
				CLANG_ENABLE_OBJC_ARC = YES;
				CLANG_WARN_BOOL_CONVERSION = YES;
				CLANG_WARN_CONSTANT_CONVERSION = YES;
				CLANG_WARN_DIRECT_OBJC_ISA_USAGE = YES_ERROR;
				CLANG_WARN_EMPTY_BODY = YES;
				CLANG_WARN_ENUM_CONVERSION = YES;
				CLANG_WARN_INT_CONVERSION = YES;
				CLANG_WARN_OBJC_ROOT_CLASS = YES_ERROR;
				CLANG_WARN_UNREACHABLE_CODE = YES;
				CLANG_WARN__DUPLICATE_METHOD_MATCH = YES;
				"CODE_SIGN_IDENTITY[sdk=iphoneos*]" = "iPhone Developer";
				COPY_PHASE_STRIP = NO;
				DEBUG_INFORMATION_FORMAT = dwarf;
				ENABLE_STRICT_OBJC_MSGSEND = YES;
				ENABLE_TESTABILITY = YES;
				GCC_C_LANGUAGE_STANDARD = gnu99;
				GCC_DYNAMIC_NO_PIC = NO;
				GCC_NO_COMMON_BLOCKS = YES;
				GCC_OPTIMIZATION_LEVEL = 0;
				GCC_PREPROCESSOR_DEFINITIONS = (
					"DEBUG=1",
					"$(inherited)",
				);
				GCC_WARN_64_TO_32_BIT_CONVERSION = YES;
				GCC_WARN_ABOUT_RETURN_TYPE = YES_ERROR;
				GCC_WARN_UNDECLARED_SELECTOR = YES;
				GCC_WARN_UNINITIALIZED_AUTOS = YES_AGGRESSIVE;
				GCC_WARN_UNUSED_FUNCTION = YES;
				GCC_WARN_UNUSED_VARIABLE = YES;
				IPHONEOS_DEPLOYMENT_TARGET = 9.3;
				MTL_ENABLE_DEBUG_INFO = YES;
				ONLY_ACTIVE_ARCH = YES;
				SDKROOT = iphoneos;
				SWIFT_OPTIMIZATION_LEVEL = "-Onone";
				TARGETED_DEVICE_FAMILY = "1,2";
			};
			name = Debug;
		};
		2B57CF931D5541FE004070B7 /* Release */ = {
			isa = XCBuildConfiguration;
			buildSettings = {
				ALWAYS_SEARCH_USER_PATHS = NO;
				CLANG_ANALYZER_NONNULL = YES;
				CLANG_CXX_LANGUAGE_STANDARD = "gnu++0x";
				CLANG_CXX_LIBRARY = "libc++";
				CLANG_ENABLE_MODULES = YES;
				CLANG_ENABLE_OBJC_ARC = YES;
				CLANG_WARN_BOOL_CONVERSION = YES;
				CLANG_WARN_CONSTANT_CONVERSION = YES;
				CLANG_WARN_DIRECT_OBJC_ISA_USAGE = YES_ERROR;
				CLANG_WARN_EMPTY_BODY = YES;
				CLANG_WARN_ENUM_CONVERSION = YES;
				CLANG_WARN_INT_CONVERSION = YES;
				CLANG_WARN_OBJC_ROOT_CLASS = YES_ERROR;
				CLANG_WARN_UNREACHABLE_CODE = YES;
				CLANG_WARN__DUPLICATE_METHOD_MATCH = YES;
				"CODE_SIGN_IDENTITY[sdk=iphoneos*]" = "iPhone Developer";
				COPY_PHASE_STRIP = NO;
				DEBUG_INFORMATION_FORMAT = "dwarf-with-dsym";
				ENABLE_NS_ASSERTIONS = NO;
				ENABLE_STRICT_OBJC_MSGSEND = YES;
				GCC_C_LANGUAGE_STANDARD = gnu99;
				GCC_NO_COMMON_BLOCKS = YES;
				GCC_WARN_64_TO_32_BIT_CONVERSION = YES;
				GCC_WARN_ABOUT_RETURN_TYPE = YES_ERROR;
				GCC_WARN_UNDECLARED_SELECTOR = YES;
				GCC_WARN_UNINITIALIZED_AUTOS = YES_AGGRESSIVE;
				GCC_WARN_UNUSED_FUNCTION = YES;
				GCC_WARN_UNUSED_VARIABLE = YES;
				IPHONEOS_DEPLOYMENT_TARGET = 9.3;
				MTL_ENABLE_DEBUG_INFO = NO;
				SDKROOT = iphoneos;
				TARGETED_DEVICE_FAMILY = "1,2";
				VALIDATE_PRODUCT = YES;
			};
			name = Release;
		};
		2B57CF951D5541FE004070B7 /* Debug */ = {
			isa = XCBuildConfiguration;
			baseConfigurationReference = BC095105DE1F3F435D0F6E35 /* Pods-CardsAgainstTheTV.debug.xcconfig */;
			buildSettings = {
				ASSETCATALOG_COMPILER_APPICON_NAME = AppIcon;
				INFOPLIST_FILE = CardsAgainstTheTV/Info.plist;
				LD_RUNPATH_SEARCH_PATHS = "$(inherited) @executable_path/Frameworks";
				PRODUCT_BUNDLE_IDENTIFIER = com.flatironschool.CardsAgainstTheTV;
				PRODUCT_NAME = "$(TARGET_NAME)";
			};
			name = Debug;
		};
		2B57CF961D5541FE004070B7 /* Release */ = {
			isa = XCBuildConfiguration;
			baseConfigurationReference = A7D3C6F5A172901A0DFDE034 /* Pods-CardsAgainstTheTV.release.xcconfig */;
			buildSettings = {
				ASSETCATALOG_COMPILER_APPICON_NAME = AppIcon;
				INFOPLIST_FILE = CardsAgainstTheTV/Info.plist;
				LD_RUNPATH_SEARCH_PATHS = "$(inherited) @executable_path/Frameworks";
				PRODUCT_BUNDLE_IDENTIFIER = com.flatironschool.CardsAgainstTheTV;
				PRODUCT_NAME = "$(TARGET_NAME)";
			};
			name = Release;
		};
/* End XCBuildConfiguration section */

/* Begin XCConfigurationList section */
		2B57CF7D1D5541FE004070B7 /* Build configuration list for PBXProject "CardsAgainstTheTV" */ = {
			isa = XCConfigurationList;
			buildConfigurations = (
				2B57CF921D5541FE004070B7 /* Debug */,
				2B57CF931D5541FE004070B7 /* Release */,
			);
			defaultConfigurationIsVisible = 0;
			defaultConfigurationName = Release;
		};
		2B57CF941D5541FE004070B7 /* Build configuration list for PBXNativeTarget "CardsAgainstTheTV" */ = {
			isa = XCConfigurationList;
			buildConfigurations = (
				2B57CF951D5541FE004070B7 /* Debug */,
				2B57CF961D5541FE004070B7 /* Release */,
			);
			defaultConfigurationIsVisible = 0;
			defaultConfigurationName = Release;
		};
/* End XCConfigurationList section */
	};
	rootObject = 2B57CF7A1D5541FE004070B7 /* Project object */;
}
